Microsoft Visual Studio Solution File, Format Version 12.00
# Visual Studio Version 17
VisualStudioVersion = 17.5.2.0
MinimumVisualStudioVersion = 10.0.40219.1
Project("{FAE04EC0-301F-11D3-BF4B-00C04F79EFBC}") = "DevSecOps_NET_LOGIN", "DevSecOps_NET_LOGIN.csproj", "{29409341-4595-05E7-0560-142F58C968C0}"
EndProject
Global
	GlobalSection(SolutionConfigurationPlatforms) = preSolution
		Debug|Any CPU = Debug|Any CPU
		Release|Any CPU = Release|Any CPU
	EndGlobalSection
	GlobalSection(ProjectConfigurationPlatforms) = postSolution
		{29409341-4595-05E7-0560-142F58C968C0}.Debug|Any CPU.ActiveCfg = Debug|Any CPU
		{29409341-4595-05E7-0560-142F58C968C0}.Debug|Any CPU.Build.0 = Debug|Any CPU
		{29409341-4595-05E7-0560-142F58C968C0}.Release|Any CPU.ActiveCfg = Release|Any CPU
		{29409341-4595-05E7-0560-142F58C968C0}.Release|Any CPU.Build.0 = Release|Any CPU
	EndGlobalSection
	GlobalSection(SolutionProperties) = preSolution
		HideSolutionNode = FALSE
	EndGlobalSection
	GlobalSection(ExtensibilityGlobals) = postSolution
		SolutionGuid = {13690068-652C-40B8-87F4-4B8A7DA649D1}
	EndGlobalSection
EndGlobal
